// !$*UTF8*$!
{
	archiveVersion = 1;
	classes = {
	};
	objectVersion = 56;
	objects = {

/* Begin PBXBuildFile section */
		7847D3BB28F69E2700B99E3C /* README.md in Resources */ = {isa = PBXBuildFile; fileRef = 7847D3BA28F69E2700B99E3C /* README.md */; };
		7847D3BD28F69E2A00B99E3C /* LICENSE in Resources */ = {isa = PBXBuildFile; fileRef = 7847D3BC28F69E2A00B99E3C /* LICENSE */; };
		7847D3C028F6A29F00B99E3C /* DragView.swift in Sources */ = {isa = PBXBuildFile; fileRef = 7847D3BF28F6A29F00B99E3C /* DragView.swift */; };
		788F916528F69D46001BD26F /* AppDelegate.swift in Sources */ = {isa = PBXBuildFile; fileRef = 788F916428F69D46001BD26F /* AppDelegate.swift */; };
		788F916728F69D46001BD26F /* MainViewController.swift in Sources */ = {isa = PBXBuildFile; fileRef = 788F916628F69D46001BD26F /* MainViewController.swift */; };
		788F916928F69D46001BD26F /* Assets.xcassets in Resources */ = {isa = PBXBuildFile; fileRef = 788F916828F69D46001BD26F /* Assets.xcassets */; };
		788F916C28F69D46001BD26F /* Main.storyboard in Resources */ = {isa = PBXBuildFile; fileRef = 788F916A28F69D46001BD26F /* Main.storyboard */; };
/* End PBXBuildFile section */

/* Begin PBXFileReference section */
		7847D3BA28F69E2700B99E3C /* README.md */ = {isa = PBXFileReference; fileEncoding = 4; lastKnownFileType = net.daringfireball.markdown; path = README.md; sourceTree = "<group>"; };
		7847D3BC28F69E2A00B99E3C /* LICENSE */ = {isa = PBXFileReference; fileEncoding = 4; lastKnownFileType = text; path = LICENSE; sourceTree = "<group>"; };
		7847D3BF28F6A29F00B99E3C /* DragView.swift */ = {isa = PBXFileReference; lastKnownFileType = sourcecode.swift; path = DragView.swift; sourceTree = "<group>"; };
		788F916128F69D46001BD26F /* MobileProfileExtract.app */ = {isa = PBXFileReference; explicitFileType = wrapper.application; includeInIndex = 0; path = MobileProfileExtract.app; sourceTree = BUILT_PRODUCTS_DIR; };
		788F916428F69D46001BD26F /* AppDelegate.swift */ = {isa = PBXFileReference; lastKnownFileType = sourcecode.swift; path = AppDelegate.swift; sourceTree = "<group>"; };
		788F916628F69D46001BD26F /* MainViewController.swift */ = {isa = PBXFileReference; lastKnownFileType = sourcecode.swift; path = MainViewController.swift; sourceTree = "<group>"; };
		788F916828F69D46001BD26F /* Assets.xcassets */ = {isa = PBXFileReference; lastKnownFileType = folder.assetcatalog; path = Assets.xcassets; sourceTree = "<group>"; };
		788F916B28F69D46001BD26F /* Base */ = {isa = PBXFileReference; lastKnownFileType = file.storyboard; name = Base; path = Base.lproj/Main.storyboard; sourceTree = "<group>"; };
		788F916D28F69D46001BD26F /* MobileProfileExtract.entitlements */ = {isa = PBXFileReference; lastKnownFileType = text.plist.entitlements; path = MobileProfileExtract.entitlements; sourceTree = "<group>"; };
/* End PBXFileReference section */

/* Begin PBXFrameworksBuildPhase section */
		788F915E28F69D46001BD26F /* Frameworks */ = {
			isa = PBXFrameworksBuildPhase;
			buildActionMask = 2147483647;
			files = (
			);
			runOnlyForDeploymentPostprocessing = 0;
		};
/* End PBXFrameworksBuildPhase section */

/* Begin PBXGroup section */
		7847D3BE28F6A29000B99E3C /* Views */ = {
			isa = PBXGroup;
			children = (
				7847D3BF28F6A29F00B99E3C /* DragView.swift */,
			);
			path = Views;
			sourceTree = "<group>";
		};
		788F915828F69D46001BD26F = {
			isa = PBXGroup;
			children = (
				7847D3BC28F69E2A00B99E3C /* LICENSE */,
				7847D3BA28F69E2700B99E3C /* README.md */,
				788F916328F69D46001BD26F /* MobileProfileExtract */,
				788F916228F69D46001BD26F /* Products */,
			);
			sourceTree = "<group>";
		};
		788F916228F69D46001BD26F /* Products */ = {
			isa = PBXGroup;
			children = (
				788F916128F69D46001BD26F /* MobileProfileExtract.app */,
			);
			name = Products;
			sourceTree = "<group>";
		};
		788F916328F69D46001BD26F /* MobileProfileExtract */ = {
			isa = PBXGroup;
			children = (
				788F917428F69D6A001BD26F /* Classes */,
				788F917328F69D64001BD26F /* Resources */,
			);
			path = MobileProfileExtract;
			sourceTree = "<group>";
		};
		788F917328F69D64001BD26F /* Resources */ = {
			isa = PBXGroup;
			children = (
				788F916828F69D46001BD26F /* Assets.xcassets */,
				788F916A28F69D46001BD26F /* Main.storyboard */,
				788F916D28F69D46001BD26F /* MobileProfileExtract.entitlements */,
			);
			path = Resources;
			sourceTree = "<group>";
		};
		788F917428F69D6A001BD26F /* Classes */ = {
			isa = PBXGroup;
			children = (
				788F916428F69D46001BD26F /* AppDelegate.swift */,
				788F917528F69D72001BD26F /* Controllers */,
				7847D3BE28F6A29000B99E3C /* Views */,
			);
			path = Classes;
			sourceTree = "<group>";
		};
		788F917528F69D72001BD26F /* Controllers */ = {
			isa = PBXGroup;
			children = (
				788F916628F69D46001BD26F /* MainViewController.swift */,
			);
			path = Controllers;
			sourceTree = "<group>";
		};
/* End PBXGroup section */

/* Begin PBXNativeTarget section */
		788F916028F69D46001BD26F /* MobileProfileExtract */ = {
			isa = PBXNativeTarget;
			buildConfigurationList = 788F917028F69D46001BD26F /* Build configuration list for PBXNativeTarget "MobileProfileExtract" */;
			buildPhases = (
				788F915D28F69D46001BD26F /* Sources */,
				788F915E28F69D46001BD26F /* Frameworks */,
				788F915F28F69D46001BD26F /* Resources */,
			);
			buildRules = (
			);
			dependencies = (
			);
			name = MobileProfileExtract;
			productName = MobileProfileExtract;
			productReference = 788F916128F69D46001BD26F /* MobileProfileExtract.app */;
			productType = "com.apple.product-type.application";
		};
/* End PBXNativeTarget section */

/* Begin PBXProject section */
		788F915928F69D46001BD26F /* Project object */ = {
			isa = PBXProject;
			attributes = {
				BuildIndependentTargetsInParallel = 1;
				LastSwiftUpdateCheck = 1400;
				LastUpgradeCheck = 1400;
				TargetAttributes = {
					788F916028F69D46001BD26F = {
						CreatedOnToolsVersion = 14.0.1;
					};
				};
			};
			buildConfigurationList = 788F915C28F69D46001BD26F /* Build configuration list for PBXProject "MobileProfileExtract" */;
			compatibilityVersion = "Xcode 14.0";
			developmentRegion = en;
			hasScannedForEncodings = 0;
			knownRegions = (
				en,
				Base,
			);
			mainGroup = 788F915828F69D46001BD26F;
			productRefGroup = 788F916228F69D46001BD26F /* Products */;
			projectDirPath = "";
			projectRoot = "";
			targets = (
				788F916028F69D46001BD26F /* MobileProfileExtract */,
			);
		};
/* End PBXProject section */

/* Begin PBXResourcesBuildPhase section */
		788F915F28F69D46001BD26F /* Resources */ = {
			isa = PBXResourcesBuildPhase;
			buildActionMask = 2147483647;
			files = (
				7847D3BB28F69E2700B99E3C /* README.md in Resources */,
				788F916928F69D46001BD26F /* Assets.xcassets in Resources */,
				7847D3BD28F69E2A00B99E3C /* LICENSE in Resources */,
				788F916C28F69D46001BD26F /* Main.storyboard in Resources */,
			);
			runOnlyForDeploymentPostprocessing = 0;
		};
/* End PBXResourcesBuildPhase section */

/* Begin PBXSourcesBuildPhase section */
		788F915D28F69D46001BD26F /* Sources */ = {
			isa = PBXSourcesBuildPhase;
			buildActionMask = 2147483647;
			files = (
				788F916728F69D46001BD26F /* MainViewController.swift in Sources */,
				788F916528F69D46001BD26F /* AppDelegate.swift in Sources */,
				7847D3C028F6A29F00B99E3C /* DragView.swift in Sources */,
			);
			runOnlyForDeploymentPostprocessing = 0;
		};
/* End PBXSourcesBuildPhase section */

/* Begin PBXVariantGroup section */
		788F916A28F69D46001BD26F /* Main.storyboard */ = {
			isa = PBXVariantGroup;
			children = (
				788F916B28F69D46001BD26F /* Base */,
			);
			name = Main.storyboard;
			sourceTree = "<group>";
		};
/* End PBXVariantGroup section */

/* Begin XCBuildConfiguration section */
		788F916E28F69D46001BD26F /* Debug */ = {
			isa = XCBuildConfiguration;
			buildSettings = {
				ALWAYS_SEARCH_USER_PATHS = NO;
				CLANG_ANALYZER_NONNULL = YES;
				CLANG_ANALYZER_NUMBER_OBJECT_CONVERSION = YES_AGGRESSIVE;
				CLANG_CXX_LANGUAGE_STANDARD = "gnu++20";
				CLANG_ENABLE_MODULES = YES;
				CLANG_ENABLE_OBJC_ARC = YES;
				CLANG_ENABLE_OBJC_WEAK = YES;
				CLANG_WARN_BLOCK_CAPTURE_AUTORELEASING = YES;
				CLANG_WARN_BOOL_CONVERSION = YES;
				CLANG_WARN_COMMA = YES;
				CLANG_WARN_CONSTANT_CONVERSION = YES;
				CLANG_WARN_DEPRECATED_OBJC_IMPLEMENTATIONS = YES;
				CLANG_WARN_DIRECT_OBJC_ISA_USAGE = YES_ERROR;
				CLANG_WARN_DOCUMENTATION_COMMENTS = YES;
				CLANG_WARN_EMPTY_BODY = YES;
				CLANG_WARN_ENUM_CONVERSION = YES;
				CLANG_WARN_INFINITE_RECURSION = YES;
				CLANG_WARN_INT_CONVERSION = YES;
				CLANG_WARN_NON_LITERAL_NULL_CONVERSION = YES;
				CLANG_WARN_OBJC_IMPLICIT_RETAIN_SELF = YES;
				CLANG_WARN_OBJC_LITERAL_CONVERSION = YES;
				CLANG_WARN_OBJC_ROOT_CLASS = YES_ERROR;
				CLANG_WARN_QUOTED_INCLUDE_IN_FRAMEWORK_HEADER = YES;
				CLANG_WARN_RANGE_LOOP_ANALYSIS = YES;
				CLANG_WARN_STRICT_PROTOTYPES = YES;
				CLANG_WARN_SUSPICIOUS_MOVE = YES;
				CLANG_WARN_UNGUARDED_AVAILABILITY = YES_AGGRESSIVE;
				CLANG_WARN_UNREACHABLE_CODE = YES;
				CLANG_WARN__DUPLICATE_METHOD_MATCH = YES;
				COPY_PHASE_STRIP = NO;
				DEBUG_INFORMATION_FORMAT = dwarf;
				ENABLE_STRICT_OBJC_MSGSEND = YES;
				ENABLE_TESTABILITY = YES;
				GCC_C_LANGUAGE_STANDARD = gnu11;
				GCC_DYNAMIC_NO_PIC = NO;
				GCC_NO_COMMON_BLOCKS = YES;
				GCC_OPTIMIZATION_LEVEL = 0;
				GCC_PREPROCESSOR_DEFINITIONS = (
					"DEBUG=1",
					"$(inherited)",
				);
				GCC_WARN_64_TO_32_BIT_CONVERSION = YES;
				GCC_WARN_ABOUT_RETURN_TYPE = YES_ERROR;
				GCC_WARN_UNDECLARED_SELECTOR = YES;
				GCC_WARN_UNINITIALIZED_AUTOS = YES_AGGRESSIVE;
				GCC_WARN_UNUSED_FUNCTION = YES;
				GCC_WARN_UNUSED_VARIABLE = YES;
				MACOSX_DEPLOYMENT_TARGET = 12.3;
				MTL_ENABLE_DEBUG_INFO = INCLUDE_SOURCE;
				MTL_FAST_MATH = YES;
				ONLY_ACTIVE_ARCH = YES;
				SDKROOT = macosx;
				SWIFT_ACTIVE_COMPILATION_CONDITIONS = DEBUG;
				SWIFT_OPTIMIZATION_LEVEL = "-Onone";
			};
			name = Debug;
		};
		788F916F28F69D46001BD26F /* Release */ = {
			isa = XCBuildConfiguration;
			buildSettings = {
				ALWAYS_SEARCH_USER_PATHS = NO;
				CLANG_ANALYZER_NONNULL = YES;
				CLANG_ANALYZER_NUMBER_OBJECT_CONVERSION = YES_AGGRESSIVE;
				CLANG_CXX_LANGUAGE_STANDARD = "gnu++20";
				CLANG_ENABLE_MODULES = YES;
				CLANG_ENABLE_OBJC_ARC = YES;
				CLANG_ENABLE_OBJC_WEAK = YES;
				CLANG_WARN_BLOCK_CAPTURE_AUTORELEASING = YES;
				CLANG_WARN_BOOL_CONVERSION = YES;
				CLANG_WARN_COMMA = YES;
				CLANG_WARN_CONSTANT_CONVERSION = YES;
				CLANG_WARN_DEPRECATED_OBJC_IMPLEMENTATIONS = YES;
				CLANG_WARN_DIRECT_OBJC_ISA_USAGE = YES_ERROR;
				CLANG_WARN_DOCUMENTATION_COMMENTS = YES;
				CLANG_WARN_EMPTY_BODY = YES;
				CLANG_WARN_ENUM_CONVERSION = YES;
				CLANG_WARN_INFINITE_RECURSION = YES;
				CLANG_WARN_INT_CONVERSION = YES;
				CLANG_WARN_NON_LITERAL_NULL_CONVERSION = YES;
				CLANG_WARN_OBJC_IMPLICIT_RETAIN_SELF = YES;
				CLANG_WARN_OBJC_LITERAL_CONVERSION = YES;
				CLANG_WARN_OBJC_ROOT_CLASS = YES_ERROR;
				CLANG_WARN_QUOTED_INCLUDE_IN_FRAMEWORK_HEADER = YES;
				CLANG_WARN_RANGE_LOOP_ANALYSIS = YES;
				CLANG_WARN_STRICT_PROTOTYPES = YES;
				CLANG_WARN_SUSPICIOUS_MOVE = YES;
				CLANG_WARN_UNGUARDED_AVAILABILITY = YES_AGGRESSIVE;
				CLANG_WARN_UNREACHABLE_CODE = YES;
				CLANG_WARN__DUPLICATE_METHOD_MATCH = YES;
				COPY_PHASE_STRIP = NO;
				DEBUG_INFORMATION_FORMAT = "dwarf-with-dsym";
				ENABLE_NS_ASSERTIONS = NO;
				ENABLE_STRICT_OBJC_MSGSEND = YES;
				GCC_C_LANGUAGE_STANDARD = gnu11;
				GCC_NO_COMMON_BLOCKS = YES;
				GCC_WARN_64_TO_32_BIT_CONVERSION = YES;
				GCC_WARN_ABOUT_RETURN_TYPE = YES_ERROR;
				GCC_WARN_UNDECLARED_SELECTOR = YES;
				GCC_WARN_UNINITIALIZED_AUTOS = YES_AGGRESSIVE;
				GCC_WARN_UNUSED_FUNCTION = YES;
				GCC_WARN_UNUSED_VARIABLE = YES;
				MACOSX_DEPLOYMENT_TARGET = 12.3;
				MTL_ENABLE_DEBUG_INFO = NO;
				MTL_FAST_MATH = YES;
				SDKROOT = macosx;
				SWIFT_COMPILATION_MODE = wholemodule;
				SWIFT_OPTIMIZATION_LEVEL = "-O";
			};
			name = Release;
		};
		788F917128F69D46001BD26F /* Debug */ = {
			isa = XCBuildConfiguration;
			buildSettings = {
				ASSETCATALOG_COMPILER_APPICON_NAME = AppIcon;
				ASSETCATALOG_COMPILER_GLOBAL_ACCENT_COLOR_NAME = AccentColor;
				CODE_SIGN_ENTITLEMENTS = MobileProfileExtract/Resources/MobileProfileExtract.entitlements;
				"CODE_SIGN_IDENTITY[sdk=macosx*]" = "-";
				CODE_SIGN_STYLE = Automatic;
				COMBINE_HIDPI_IMAGES = YES;
				CURRENT_PROJECT_VERSION = 1;
				DEVELOPMENT_TEAM = 8AMHZB54JX;
				ENABLE_HARDENED_RUNTIME = YES;
				GENERATE_INFOPLIST_FILE = YES;
				INFOPLIST_KEY_NSHumanReadableCopyright = "";
				INFOPLIST_KEY_NSMainStoryboardFile = Main;
				INFOPLIST_KEY_NSPrincipalClass = NSApplication;
				LD_RUNPATH_SEARCH_PATHS = (
					"$(inherited)",
					"@executable_path/../Frameworks",
				);
				MARKETING_VERSION = 1.0;
				PRODUCT_BUNDLE_IDENTIFIER = ch.nibli.MobileProfileExtract;
				PRODUCT_NAME = "$(TARGET_NAME)";
				SWIFT_EMIT_LOC_STRINGS = YES;
				SWIFT_VERSION = 5.0;
			};
			name = Debug;
		};
		788F917228F69D46001BD26F /* Release */ = {
			isa = XCBuildConfiguration;
			buildSettings = {
				ASSETCATALOG_COMPILER_APPICON_NAME = AppIcon;
				ASSETCATALOG_COMPILER_GLOBAL_ACCENT_COLOR_NAME = AccentColor;
				CODE_SIGN_ENTITLEMENTS = MobileProfileExtract/Resources/MobileProfileExtract.entitlements;
				"CODE_SIGN_IDENTITY[sdk=macosx*]" = "-";
				CODE_SIGN_STYLE = Automatic;
				COMBINE_HIDPI_IMAGES = YES;
				CURRENT_PROJECT_VERSION = 1;
				DEVELOPMENT_TEAM = 8AMHZB54JX;
				ENABLE_HARDENED_RUNTIME = YES;
				GENERATE_INFOPLIST_FILE = YES;
				INFOPLIST_KEY_NSHumanReadableCopyright = "";
				INFOPLIST_KEY_NSMainStoryboardFile = Main;
				INFOPLIST_KEY_NSPrincipalClass = NSApplication;
				LD_RUNPATH_SEARCH_PATHS = (
					"$(inherited)",
					"@executable_path/../Frameworks",
				);
				MARKETING_VERSION = 1.0;
				PRODUCT_BUNDLE_IDENTIFIER = ch.nibli.MobileProfileExtract;
				PRODUCT_NAME = "$(TARGET_NAME)";
				SWIFT_EMIT_LOC_STRINGS = YES;
				SWIFT_VERSION = 5.0;
			};
			name = Release;
		};
/* End XCBuildConfiguration section */

/* Begin XCConfigurationList section */
		788F915C28F69D46001BD26F /* Build configuration list for PBXProject "MobileProfileExtract" */ = {
			isa = XCConfigurationList;
			buildConfigurations = (
				788F916E28F69D46001BD26F /* Debug */,
				788F916F28F69D46001BD26F /* Release */,
			);
			defaultConfigurationIsVisible = 0;
			defaultConfigurationName = Release;
		};
		788F917028F69D46001BD26F /* Build configuration list for PBXNativeTarget "MobileProfileExtract" */ = {
			isa = XCConfigurationList;
			buildConfigurations = (
				788F917128F69D46001BD26F /* Debug */,
				788F917228F69D46001BD26F /* Release */,
			);
			defaultConfigurationIsVisible = 0;
			defaultConfigurationName = Release;
		};
/* End XCConfigurationList section */
	};
	rootObject = 788F915928F69D46001BD26F /* Project object */;
}
